
Microsoft Visual Studio Solution File, Format Version 12.00
# Visual Studio 2012
Project("{FAE04EC0-301F-11D3-BF4B-00C04F79EFBC}") = "MomentCSharp", "MomentCSharp\MomentCSharp.csproj", "{34C32ADA-9C5D-40B0-98FE-362AFE1F86AB}"
EndProject
Global
	GlobalSection(SolutionConfigurationPlatforms) = preSolution
		Debug|Any CPU = Debug|Any CPU
		Release|Any CPU = Release|Any CPU
	EndGlobalSection
	GlobalSection(ProjectConfigurationPlatforms) = postSolution
		{34C32ADA-9C5D-40B0-98FE-362AFE1F86AB}.Debug|Any CPU.ActiveCfg = Debug|Any CPU
		{34C32ADA-9C5D-40B0-98FE-362AFE1F86AB}.Debug|Any CPU.Build.0 = Debug|Any CPU
		{34C32ADA-9C5D-40B0-98FE-362AFE1F86AB}.Release|Any CPU.ActiveCfg = Release|Any CPU
		{34C32ADA-9C5D-40B0-98FE-362AFE1F86AB}.Release|Any CPU.Build.0 = Release|Any CPU
	EndGlobalSection
	GlobalSection(SolutionProperties) = preSolution
		HideSolutionNode = FALSE
	EndGlobalSection
EndGlobal
